
Microsoft Visual Studio Solution File, Format Version 12.00
# Visual Studio Version 16
VisualStudioVersion = 16.0.33027.164
MinimumVisualStudioVersion = 10.0.40219.1
Project("{FAE04EC0-301F-11D3-BF4B-00C04F79EFBC}") = "ConsoleOutputChallenge", "ConsoleOutputChallenge\ConsoleOutputChallenge.csproj", "{22868805-DD70-4E82-9530-5268C60BA72B}"
EndProject
Global
	GlobalSection(SolutionConfigurationPlatforms) = preSolution
		Debug|Any CPU = Debug|Any CPU
		Release|Any CPU = Release|Any CPU
	EndGlobalSection
	GlobalSection(ProjectConfigurationPlatforms) = postSolution
		{22868805-DD70-4E82-9530-5268C60BA72B}.Debug|Any CPU.ActiveCfg = Debug|Any CPU
		{22868805-DD70-4E82-9530-5268C60BA72B}.Debug|Any CPU.Build.0 = Debug|Any CPU
		{22868805-DD70-4E82-9530-5268C60BA72B}.Release|Any CPU.ActiveCfg = Release|Any CPU
		{22868805-DD70-4E82-9530-5268C60BA72B}.Release|Any CPU.Build.0 = Release|Any CPU
	EndGlobalSection
	GlobalSection(SolutionProperties) = preSolution
		HideSolutionNode = FALSE
	EndGlobalSection
	GlobalSection(ExtensibilityGlobals) = postSolution
		SolutionGuid = {949066D8-8F8C-4130-A6D8-57C1B36C96EE}
	EndGlobalSection
EndGlobal
