
Microsoft Visual Studio Solution File, Format Version 12.00
# Visual Studio Version 16
VisualStudioVersion = 16.0.33027.164
MinimumVisualStudioVersion = 10.0.40219.1
Project("{FAE04EC0-301F-11D3-BF4B-00C04F79EFBC}") = "CarInsurance", "CarInsurance\CarInsurance.csproj", "{388FCA36-7C4B-44E9-B0BE-1903C05C7E31}"
EndProject
Global
	GlobalSection(SolutionConfigurationPlatforms) = preSolution
		Debug|Any CPU = Debug|Any CPU
		Release|Any CPU = Release|Any CPU
	EndGlobalSection
	GlobalSection(ProjectConfigurationPlatforms) = postSolution
		{388FCA36-7C4B-44E9-B0BE-1903C05C7E31}.Debug|Any CPU.ActiveCfg = Debug|Any CPU
		{388FCA36-7C4B-44E9-B0BE-1903C05C7E31}.Debug|Any CPU.Build.0 = Debug|Any CPU
		{388FCA36-7C4B-44E9-B0BE-1903C05C7E31}.Release|Any CPU.ActiveCfg = Release|Any CPU
		{388FCA36-7C4B-44E9-B0BE-1903C05C7E31}.Release|Any CPU.Build.0 = Release|Any CPU
	EndGlobalSection
	GlobalSection(SolutionProperties) = preSolution
		HideSolutionNode = FALSE
	EndGlobalSection
	GlobalSection(ExtensibilityGlobals) = postSolution
		SolutionGuid = {C4204785-7479-4116-AEE8-17D2C023C3CB}
	EndGlobalSection
EndGlobal
