
Microsoft Visual Studio Solution File, Format Version 12.00
# Visual Studio Version 16
VisualStudioVersion = 16.0.33027.164
MinimumVisualStudioVersion = 10.0.40219.1
Project("{FAE04EC0-301F-11D3-BF4B-00C04F79EFBC}") = "ClassMethodAssignment", "ClassMethodAssignment\ClassMethodAssignment.csproj", "{BA428755-6D52-4C61-9609-4500F75D811E}"
EndProject
Global
	GlobalSection(SolutionConfigurationPlatforms) = preSolution
		Debug|Any CPU = Debug|Any CPU
		Release|Any CPU = Release|Any CPU
	EndGlobalSection
	GlobalSection(ProjectConfigurationPlatforms) = postSolution
		{BA428755-6D52-4C61-9609-4500F75D811E}.Debug|Any CPU.ActiveCfg = Debug|Any CPU
		{BA428755-6D52-4C61-9609-4500F75D811E}.Debug|Any CPU.Build.0 = Debug|Any CPU
		{BA428755-6D52-4C61-9609-4500F75D811E}.Release|Any CPU.ActiveCfg = Release|Any CPU
		{BA428755-6D52-4C61-9609-4500F75D811E}.Release|Any CPU.Build.0 = Release|Any CPU
	EndGlobalSection
	GlobalSection(SolutionProperties) = preSolution
		HideSolutionNode = FALSE
	EndGlobalSection
	GlobalSection(ExtensibilityGlobals) = postSolution
		SolutionGuid = {D930B118-3955-469C-9F39-DC651880F6A0}
	EndGlobalSection
EndGlobal
