
Microsoft Visual Studio Solution File, Format Version 12.00
# Visual Studio Version 16
VisualStudioVersion = 16.0.33027.164
MinimumVisualStudioVersion = 10.0.40219.1
Project("{FAE04EC0-301F-11D3-BF4B-00C04F79EFBC}") = "StringFunctions", "StringFunctions\StringFunctions.csproj", "{B8F4E5FF-2185-493D-9DB3-F918D323CA9E}"
EndProject
Global
	GlobalSection(SolutionConfigurationPlatforms) = preSolution
		Debug|Any CPU = Debug|Any CPU
		Release|Any CPU = Release|Any CPU
	EndGlobalSection
	GlobalSection(ProjectConfigurationPlatforms) = postSolution
		{B8F4E5FF-2185-493D-9DB3-F918D323CA9E}.Debug|Any CPU.ActiveCfg = Debug|Any CPU
		{B8F4E5FF-2185-493D-9DB3-F918D323CA9E}.Debug|Any CPU.Build.0 = Debug|Any CPU
		{B8F4E5FF-2185-493D-9DB3-F918D323CA9E}.Release|Any CPU.ActiveCfg = Release|Any CPU
		{B8F4E5FF-2185-493D-9DB3-F918D323CA9E}.Release|Any CPU.Build.0 = Release|Any CPU
	EndGlobalSection
	GlobalSection(SolutionProperties) = preSolution
		HideSolutionNode = FALSE
	EndGlobalSection
	GlobalSection(ExtensibilityGlobals) = postSolution
		SolutionGuid = {329ADC65-D715-4E17-9BB6-F5AC75FC6D55}
	EndGlobalSection
EndGlobal
