
Microsoft Visual Studio Solution File, Format Version 12.00
# Visual Studio Version 16
VisualStudioVersion = 16.0.33027.164
MinimumVisualStudioVersion = 10.0.40219.1
Project("{FAE04EC0-301F-11D3-BF4B-00C04F79EFBC}") = "MethodClassAssignment", "MethodClassAssignment\MethodClassAssignment.csproj", "{193F20A7-4658-4569-A085-7E9293014E4C}"
EndProject
Global
	GlobalSection(SolutionConfigurationPlatforms) = preSolution
		Debug|Any CPU = Debug|Any CPU
		Release|Any CPU = Release|Any CPU
	EndGlobalSection
	GlobalSection(ProjectConfigurationPlatforms) = postSolution
		{193F20A7-4658-4569-A085-7E9293014E4C}.Debug|Any CPU.ActiveCfg = Debug|Any CPU
		{193F20A7-4658-4569-A085-7E9293014E4C}.Debug|Any CPU.Build.0 = Debug|Any CPU
		{193F20A7-4658-4569-A085-7E9293014E4C}.Release|Any CPU.ActiveCfg = Release|Any CPU
		{193F20A7-4658-4569-A085-7E9293014E4C}.Release|Any CPU.Build.0 = Release|Any CPU
	EndGlobalSection
	GlobalSection(SolutionProperties) = preSolution
		HideSolutionNode = FALSE
	EndGlobalSection
	GlobalSection(ExtensibilityGlobals) = postSolution
		SolutionGuid = {006641EE-87DA-44EE-A5ED-2268A3180FC6}
	EndGlobalSection
EndGlobal
