
Microsoft Visual Studio Solution File, Format Version 12.00
# Visual Studio Version 16
VisualStudioVersion = 16.0.33027.164
MinimumVisualStudioVersion = 10.0.40219.1
Project("{FAE04EC0-301F-11D3-BF4B-00C04F79EFBC}") = "OperatorsAssignment", "OperatorsAssignment\OperatorsAssignment.csproj", "{589941AB-B94C-4A04-9FC6-76C33AF1F516}"
EndProject
Global
	GlobalSection(SolutionConfigurationPlatforms) = preSolution
		Debug|Any CPU = Debug|Any CPU
		Release|Any CPU = Release|Any CPU
	EndGlobalSection
	GlobalSection(ProjectConfigurationPlatforms) = postSolution
		{589941AB-B94C-4A04-9FC6-76C33AF1F516}.Debug|Any CPU.ActiveCfg = Debug|Any CPU
		{589941AB-B94C-4A04-9FC6-76C33AF1F516}.Debug|Any CPU.Build.0 = Debug|Any CPU
		{589941AB-B94C-4A04-9FC6-76C33AF1F516}.Release|Any CPU.ActiveCfg = Release|Any CPU
		{589941AB-B94C-4A04-9FC6-76C33AF1F516}.Release|Any CPU.Build.0 = Release|Any CPU
	EndGlobalSection
	GlobalSection(SolutionProperties) = preSolution
		HideSolutionNode = FALSE
	EndGlobalSection
	GlobalSection(ExtensibilityGlobals) = postSolution
		SolutionGuid = {96A51803-1719-4867-84CD-A7BFBA36AC8A}
	EndGlobalSection
EndGlobal
